
Microsoft Visual Studio Solution File, Format Version 12.00
# Visual Studio Version 17
VisualStudioVersion = 17.3.32819.101
MinimumVisualStudioVersion = 10.0.40219.1
Project("{FAE04EC0-301F-11D3-BF4B-00C04F79EFBC}") = "Aoc", "Aoc\Aoc.csproj", "{A53D9992-3828-4FDB-B8E3-2CAFE8854CA4}"
EndProject
Global
	GlobalSection(SolutionConfigurationPlatforms) = preSolution
		Debug|Any CPU = Debug|Any CPU
		Release|Any CPU = Release|Any CPU
	EndGlobalSection
	GlobalSection(ProjectConfigurationPlatforms) = postSolution
		{A53D9992-3828-4FDB-B8E3-2CAFE8854CA4}.Debug|Any CPU.ActiveCfg = Debug|Any CPU
		{A53D9992-3828-4FDB-B8E3-2CAFE8854CA4}.Debug|Any CPU.Build.0 = Debug|Any CPU
		{A53D9992-3828-4FDB-B8E3-2CAFE8854CA4}.Release|Any CPU.ActiveCfg = Release|Any CPU
		{A53D9992-3828-4FDB-B8E3-2CAFE8854CA4}.Release|Any CPU.Build.0 = Release|Any CPU
	EndGlobalSection
	GlobalSection(SolutionProperties) = preSolution
		HideSolutionNode = FALSE
	EndGlobalSection
	GlobalSection(ExtensibilityGlobals) = postSolution
		SolutionGuid = {074D270F-2CC4-4374-8749-B15167575E4A}
	EndGlobalSection
EndGlobal
