
Microsoft Visual Studio Solution File, Format Version 12.00
# Visual Studio Version 17
VisualStudioVersion = 17.3.32819.101
MinimumVisualStudioVersion = 10.0.40219.1
Project("{2150E333-8FDC-42A3-9474-1A3956D46DE8}") = "tests", "tests", "{0AF2BA65-07C5-484C-B999-4910E30024AC}"
EndProject
Project("{9A19103F-16F7-4668-BE54-9A1E7A4F7556}") = "Aoc.Spaceship", "Aoc.Spaceship\Aoc.Spaceship.csproj", "{53E02838-7DE3-477A-8C76-BA07B9A6E7FF}"
EndProject
Project("{9A19103F-16F7-4668-BE54-9A1E7A4F7556}") = "Aoc.Spaceship.Unit.Tests", "Aoc.Spaceship.Unit.Tests\Aoc.Spaceship.Unit.Tests.csproj", "{51839505-7A00-40CF-B1ED-C3A2FD793A81}"
EndProject
Project("{FAE04EC0-301F-11D3-BF4B-00C04F79EFBC}") = "Aoc.Spaceship.Web", "Aoc.Spaceship.Web\Aoc.Spaceship.Web.csproj", "{754494D1-6699-4AAC-83D2-F0DAAC9EB0E5}"
EndProject
Global
	GlobalSection(SolutionConfigurationPlatforms) = preSolution
		Debug|Any CPU = Debug|Any CPU
		Release|Any CPU = Release|Any CPU
	EndGlobalSection
	GlobalSection(ProjectConfigurationPlatforms) = postSolution
		{53E02838-7DE3-477A-8C76-BA07B9A6E7FF}.Debug|Any CPU.ActiveCfg = Debug|Any CPU
		{53E02838-7DE3-477A-8C76-BA07B9A6E7FF}.Debug|Any CPU.Build.0 = Debug|Any CPU
		{53E02838-7DE3-477A-8C76-BA07B9A6E7FF}.Release|Any CPU.ActiveCfg = Release|Any CPU
		{53E02838-7DE3-477A-8C76-BA07B9A6E7FF}.Release|Any CPU.Build.0 = Release|Any CPU
		{51839505-7A00-40CF-B1ED-C3A2FD793A81}.Debug|Any CPU.ActiveCfg = Debug|Any CPU
		{51839505-7A00-40CF-B1ED-C3A2FD793A81}.Debug|Any CPU.Build.0 = Debug|Any CPU
		{51839505-7A00-40CF-B1ED-C3A2FD793A81}.Release|Any CPU.ActiveCfg = Release|Any CPU
		{51839505-7A00-40CF-B1ED-C3A2FD793A81}.Release|Any CPU.Build.0 = Release|Any CPU
		{754494D1-6699-4AAC-83D2-F0DAAC9EB0E5}.Debug|Any CPU.ActiveCfg = Debug|Any CPU
		{754494D1-6699-4AAC-83D2-F0DAAC9EB0E5}.Debug|Any CPU.Build.0 = Debug|Any CPU
		{754494D1-6699-4AAC-83D2-F0DAAC9EB0E5}.Release|Any CPU.ActiveCfg = Release|Any CPU
		{754494D1-6699-4AAC-83D2-F0DAAC9EB0E5}.Release|Any CPU.Build.0 = Release|Any CPU
	EndGlobalSection
	GlobalSection(SolutionProperties) = preSolution
		HideSolutionNode = FALSE
	EndGlobalSection
	GlobalSection(NestedProjects) = preSolution
		{51839505-7A00-40CF-B1ED-C3A2FD793A81} = {0AF2BA65-07C5-484C-B999-4910E30024AC}
	EndGlobalSection
	GlobalSection(ExtensibilityGlobals) = postSolution
		SolutionGuid = {074D270F-2CC4-4374-8749-B15167575E4A}
	EndGlobalSection
EndGlobal
